// !$*UTF8*$!
{
	archiveVersion = 1;
	classes = {
	};
	objectVersion = 50;
	objects = {

/* Begin PBXBuildFile section */
		0C938D13215402ED007EC41C /* AppDelegate.swift in Sources */ = {isa = PBXBuildFile; fileRef = 0C938D12215402ED007EC41C /* AppDelegate.swift */; };
		0C938D15215402ED007EC41C /* ViewController.swift in Sources */ = {isa = PBXBuildFile; fileRef = 0C938D14215402ED007EC41C /* ViewController.swift */; };
		0C938D18215402ED007EC41C /* Main.storyboard in Resources */ = {isa = PBXBuildFile; fileRef = 0C938D16215402ED007EC41C /* Main.storyboard */; };
		0C938D1A215402EE007EC41C /* Assets.xcassets in Resources */ = {isa = PBXBuildFile; fileRef = 0C938D19215402EE007EC41C /* Assets.xcassets */; };
		0C938D1D215402EE007EC41C /* LaunchScreen.storyboard in Resources */ = {isa = PBXBuildFile; fileRef = 0C938D1B215402EE007EC41C /* LaunchScreen.storyboard */; };
		0C938D2721540512007EC41C /* Message.swift in Sources */ = {isa = PBXBuildFile; fileRef = 0C938D2621540512007EC41C /* Message.swift */; };
		0C938D2A2154108F007EC41C /* GoogleService-Info.plist in Resources */ = {isa = PBXBuildFile; fileRef = 0C938D292154108F007EC41C /* GoogleService-Info.plist */; };
		80D36EA69651EC96FB23862F /* Pods_Chatting.framework in Frameworks */ = {isa = PBXBuildFile; fileRef = 9D353C56CC89CD7A5B6D37C4 /* Pods_Chatting.framework */; };
/* End PBXBuildFile section */

/* Begin PBXFileReference section */
		0C938D0F215402ED007EC41C /* Chatting.app */ = {isa = PBXFileReference; explicitFileType = wrapper.application; includeInIndex = 0; path = Chatting.app; sourceTree = BUILT_PRODUCTS_DIR; };
		0C938D12215402ED007EC41C /* AppDelegate.swift */ = {isa = PBXFileReference; lastKnownFileType = sourcecode.swift; path = AppDelegate.swift; sourceTree = "<group>"; };
		0C938D14215402ED007EC41C /* ViewController.swift */ = {isa = PBXFileReference; lastKnownFileType = sourcecode.swift; path = ViewController.swift; sourceTree = "<group>"; };
		0C938D17215402ED007EC41C /* Base */ = {isa = PBXFileReference; lastKnownFileType = file.storyboard; name = Base; path = Base.lproj/Main.storyboard; sourceTree = "<group>"; };
		0C938D19215402EE007EC41C /* Assets.xcassets */ = {isa = PBXFileReference; lastKnownFileType = folder.assetcatalog; path = Assets.xcassets; sourceTree = "<group>"; };
		0C938D1C215402EE007EC41C /* Base */ = {isa = PBXFileReference; lastKnownFileType = file.storyboard; name = Base; path = Base.lproj/LaunchScreen.storyboard; sourceTree = "<group>"; };
		0C938D1E215402EE007EC41C /* Info.plist */ = {isa = PBXFileReference; lastKnownFileType = text.plist.xml; path = Info.plist; sourceTree = "<group>"; };
		0C938D2621540512007EC41C /* Message.swift */ = {isa = PBXFileReference; lastKnownFileType = sourcecode.swift; path = Message.swift; sourceTree = "<group>"; };
		0C938D292154108F007EC41C /* GoogleService-Info.plist */ = {isa = PBXFileReference; fileEncoding = 4; lastKnownFileType = text.plist.xml; path = "GoogleService-Info.plist"; sourceTree = "<group>"; };
		8F0F0CF4F77B0808078342C1 /* Pods-Chatting.debug.xcconfig */ = {isa = PBXFileReference; includeInIndex = 1; lastKnownFileType = text.xcconfig; name = "Pods-Chatting.debug.xcconfig"; path = "Pods/Target Support Files/Pods-Chatting/Pods-Chatting.debug.xcconfig"; sourceTree = "<group>"; };
		9D353C56CC89CD7A5B6D37C4 /* Pods_Chatting.framework */ = {isa = PBXFileReference; explicitFileType = wrapper.framework; includeInIndex = 0; path = Pods_Chatting.framework; sourceTree = BUILT_PRODUCTS_DIR; };
		B7D2CB4C1A02615AC7B3619E /* Pods-Chatting.release.xcconfig */ = {isa = PBXFileReference; includeInIndex = 1; lastKnownFileType = text.xcconfig; name = "Pods-Chatting.release.xcconfig"; path = "Pods/Target Support Files/Pods-Chatting/Pods-Chatting.release.xcconfig"; sourceTree = "<group>"; };
/* End PBXFileReference section */

/* Begin PBXFrameworksBuildPhase section */
		0C938D0C215402ED007EC41C /* Frameworks */ = {
			isa = PBXFrameworksBuildPhase;
			buildActionMask = 2147483647;
			files = (
				80D36EA69651EC96FB23862F /* Pods_Chatting.framework in Frameworks */,
			);
			runOnlyForDeploymentPostprocessing = 0;
		};
/* End PBXFrameworksBuildPhase section */

/* Begin PBXGroup section */
		013868B3EE0853B9B8DAD7B6 /* Frameworks */ = {
			isa = PBXGroup;
			children = (
				9D353C56CC89CD7A5B6D37C4 /* Pods_Chatting.framework */,
			);
			name = Frameworks;
			sourceTree = "<group>";
		};
		0C938D06215402ED007EC41C = {
			isa = PBXGroup;
			children = (
				0C938D11215402ED007EC41C /* Chatting */,
				0C938D10215402ED007EC41C /* Products */,
				5990EA75FF78FD0F6A43EA66 /* Pods */,
				013868B3EE0853B9B8DAD7B6 /* Frameworks */,
			);
			sourceTree = "<group>";
		};
		0C938D10215402ED007EC41C /* Products */ = {
			isa = PBXGroup;
			children = (
				0C938D0F215402ED007EC41C /* Chatting.app */,
			);
			name = Products;
			sourceTree = "<group>";
		};
		0C938D11215402ED007EC41C /* Chatting */ = {
			isa = PBXGroup;
			children = (
				0C938D2821540515007EC41C /* Models */,
				0C938D25215403BE007EC41C /* Views */,
				0C938D24215403B6007EC41C /* Controllers */,
				0C938D19215402EE007EC41C /* Assets.xcassets */,
				0C938D1B215402EE007EC41C /* LaunchScreen.storyboard */,
				0C938D292154108F007EC41C /* GoogleService-Info.plist */,
				0C938D1E215402EE007EC41C /* Info.plist */,
			);
			path = Chatting;
			sourceTree = "<group>";
		};
		0C938D24215403B6007EC41C /* Controllers */ = {
			isa = PBXGroup;
			children = (
				0C938D12215402ED007EC41C /* AppDelegate.swift */,
				0C938D14215402ED007EC41C /* ViewController.swift */,
			);
			path = Controllers;
			sourceTree = "<group>";
		};
		0C938D25215403BE007EC41C /* Views */ = {
			isa = PBXGroup;
			children = (
				0C938D16215402ED007EC41C /* Main.storyboard */,
			);
			path = Views;
			sourceTree = "<group>";
		};
		0C938D2821540515007EC41C /* Models */ = {
			isa = PBXGroup;
			children = (
				0C938D2621540512007EC41C /* Message.swift */,
			);
			path = Models;
			sourceTree = "<group>";
		};
		5990EA75FF78FD0F6A43EA66 /* Pods */ = {
			isa = PBXGroup;
			children = (
				8F0F0CF4F77B0808078342C1 /* Pods-Chatting.debug.xcconfig */,
				B7D2CB4C1A02615AC7B3619E /* Pods-Chatting.release.xcconfig */,
			);
			name = Pods;
			sourceTree = "<group>";
		};
/* End PBXGroup section */

/* Begin PBXNativeTarget section */
		0C938D0E215402ED007EC41C /* Chatting */ = {
			isa = PBXNativeTarget;
			buildConfigurationList = 0C938D21215402EE007EC41C /* Build configuration list for PBXNativeTarget "Chatting" */;
			buildPhases = (
				2CD0B0339CC110812F6357CC /* [CP] Check Pods Manifest.lock */,
				0C938D0B215402ED007EC41C /* Sources */,
				0C938D0C215402ED007EC41C /* Frameworks */,
				0C938D0D215402ED007EC41C /* Resources */,
				CBD735354111599EA01C7A8C /* [CP] Embed Pods Frameworks */,
			);
			buildRules = (
			);
			dependencies = (
			);
			name = Chatting;
			productName = Chatting;
			productReference = 0C938D0F215402ED007EC41C /* Chatting.app */;
			productType = "com.apple.product-type.application";
		};
/* End PBXNativeTarget section */

/* Begin PBXProject section */
		0C938D07215402ED007EC41C /* Project object */ = {
			isa = PBXProject;
			attributes = {
				LastSwiftUpdateCheck = 1000;
				LastUpgradeCheck = 1000;
				ORGANIZATIONNAME = Sultani;
				TargetAttributes = {
					0C938D0E215402ED007EC41C = {
						CreatedOnToolsVersion = 10.0;
					};
				};
			};
			buildConfigurationList = 0C938D0A215402ED007EC41C /* Build configuration list for PBXProject "Chatting" */;
			compatibilityVersion = "Xcode 9.3";
			developmentRegion = en;
			hasScannedForEncodings = 0;
			knownRegions = (
				en,
				Base,
			);
			mainGroup = 0C938D06215402ED007EC41C;
			productRefGroup = 0C938D10215402ED007EC41C /* Products */;
			projectDirPath = "";
			projectRoot = "";
			targets = (
				0C938D0E215402ED007EC41C /* Chatting */,
			);
		};
/* End PBXProject section */

/* Begin PBXResourcesBuildPhase section */
		0C938D0D215402ED007EC41C /* Resources */ = {
			isa = PBXResourcesBuildPhase;
			buildActionMask = 2147483647;
			files = (
				0C938D1D215402EE007EC41C /* LaunchScreen.storyboard in Resources */,
				0C938D2A2154108F007EC41C /* GoogleService-Info.plist in Resources */,
				0C938D1A215402EE007EC41C /* Assets.xcassets in Resources */,
				0C938D18215402ED007EC41C /* Main.storyboard in Resources */,
			);
			runOnlyForDeploymentPostprocessing = 0;
		};
/* End PBXResourcesBuildPhase section */

/* Begin PBXShellScriptBuildPhase section */
		2CD0B0339CC110812F6357CC /* [CP] Check Pods Manifest.lock */ = {
			isa = PBXShellScriptBuildPhase;
			buildActionMask = 2147483647;
			files = (
			);
			inputFileListPaths = (
			);
			inputPaths = (
				"${PODS_PODFILE_DIR_PATH}/Podfile.lock",
				"${PODS_ROOT}/Manifest.lock",
			);
			name = "[CP] Check Pods Manifest.lock";
			outputFileListPaths = (
			);
			outputPaths = (
				"$(DERIVED_FILE_DIR)/Pods-Chatting-checkManifestLockResult.txt",
			);
			runOnlyForDeploymentPostprocessing = 0;
			shellPath = /bin/sh;
			shellScript = "diff \"${PODS_PODFILE_DIR_PATH}/Podfile.lock\" \"${PODS_ROOT}/Manifest.lock\" > /dev/null\nif [ $? != 0 ] ; then\n    # print error to STDERR\n    echo \"error: The sandbox is not in sync with the Podfile.lock. Run 'pod install' or update your CocoaPods installation.\" >&2\n    exit 1\nfi\n# This output is used by Xcode 'outputs' to avoid re-running this script phase.\necho \"SUCCESS\" > \"${SCRIPT_OUTPUT_FILE_0}\"\n";
			showEnvVarsInLog = 0;
		};
		CBD735354111599EA01C7A8C /* [CP] Embed Pods Frameworks */ = {
			isa = PBXShellScriptBuildPhase;
			buildActionMask = 2147483647;
			files = (
			);
			inputFileListPaths = (
			);
			inputPaths = (
				"${SRCROOT}/Pods/Target Support Files/Pods-Chatting/Pods-Chatting-frameworks.sh",
				"${BUILT_PRODUCTS_DIR}/ChameleonFramework/ChameleonFramework.framework",
				"${BUILT_PRODUCTS_DIR}/GTMSessionFetcher/GTMSessionFetcher.framework",
				"${BUILT_PRODUCTS_DIR}/GoogleUtilities/GoogleUtilities.framework",
				"${BUILT_PRODUCTS_DIR}/SVProgressHUD/SVProgressHUD.framework",
				"${BUILT_PRODUCTS_DIR}/leveldb-library/leveldb.framework",
				"${BUILT_PRODUCTS_DIR}/nanopb/nanopb.framework",
			);
			name = "[CP] Embed Pods Frameworks";
			outputFileListPaths = (
			);
			outputPaths = (
				"${TARGET_BUILD_DIR}/${FRAMEWORKS_FOLDER_PATH}/ChameleonFramework.framework",
				"${TARGET_BUILD_DIR}/${FRAMEWORKS_FOLDER_PATH}/GTMSessionFetcher.framework",
				"${TARGET_BUILD_DIR}/${FRAMEWORKS_FOLDER_PATH}/GoogleUtilities.framework",
				"${TARGET_BUILD_DIR}/${FRAMEWORKS_FOLDER_PATH}/SVProgressHUD.framework",
				"${TARGET_BUILD_DIR}/${FRAMEWORKS_FOLDER_PATH}/leveldb.framework",
				"${TARGET_BUILD_DIR}/${FRAMEWORKS_FOLDER_PATH}/nanopb.framework",
			);
			runOnlyForDeploymentPostprocessing = 0;
			shellPath = /bin/sh;
			shellScript = "\"${SRCROOT}/Pods/Target Support Files/Pods-Chatting/Pods-Chatting-frameworks.sh\"\n";
			showEnvVarsInLog = 0;
		};
/* End PBXShellScriptBuildPhase section */

/* Begin PBXSourcesBuildPhase section */
		0C938D0B215402ED007EC41C /* Sources */ = {
			isa = PBXSourcesBuildPhase;
			buildActionMask = 2147483647;
			files = (
				0C938D2721540512007EC41C /* Message.swift in Sources */,
				0C938D15215402ED007EC41C /* ViewController.swift in Sources */,
				0C938D13215402ED007EC41C /* AppDelegate.swift in Sources */,
			);
			runOnlyForDeploymentPostprocessing = 0;
		};
/* End PBXSourcesBuildPhase section */

/* Begin PBXVariantGroup section */
		0C938D16215402ED007EC41C /* Main.storyboard */ = {
			isa = PBXVariantGroup;
			children = (
				0C938D17215402ED007EC41C /* Base */,
			);
			name = Main.storyboard;
			sourceTree = "<group>";
		};
		0C938D1B215402EE007EC41C /* LaunchScreen.storyboard */ = {
			isa = PBXVariantGroup;
			children = (
				0C938D1C215402EE007EC41C /* Base */,
			);
			name = LaunchScreen.storyboard;
			sourceTree = "<group>";
		};
/* End PBXVariantGroup section */

/* Begin XCBuildConfiguration section */
		0C938D1F215402EE007EC41C /* Debug */ = {
			isa = XCBuildConfiguration;
			buildSettings = {
				ALWAYS_SEARCH_USER_PATHS = NO;
				CLANG_ANALYZER_NONNULL = YES;
				CLANG_ANALYZER_NUMBER_OBJECT_CONVERSION = YES_AGGRESSIVE;
				CLANG_CXX_LANGUAGE_STANDARD = "gnu++14";
				CLANG_CXX_LIBRARY = "libc++";
				CLANG_ENABLE_MODULES = YES;
				CLANG_ENABLE_OBJC_ARC = YES;
				CLANG_ENABLE_OBJC_WEAK = YES;
				CLANG_WARN_BLOCK_CAPTURE_AUTORELEASING = YES;
				CLANG_WARN_BOOL_CONVERSION = YES;
				CLANG_WARN_COMMA = YES;
				CLANG_WARN_CONSTANT_CONVERSION = YES;
				CLANG_WARN_DEPRECATED_OBJC_IMPLEMENTATIONS = YES;
				CLANG_WARN_DIRECT_OBJC_ISA_USAGE = YES_ERROR;
				CLANG_WARN_DOCUMENTATION_COMMENTS = YES;
				CLANG_WARN_EMPTY_BODY = YES;
				CLANG_WARN_ENUM_CONVERSION = YES;
				CLANG_WARN_INFINITE_RECURSION = YES;
				CLANG_WARN_INT_CONVERSION = YES;
				CLANG_WARN_NON_LITERAL_NULL_CONVERSION = YES;
				CLANG_WARN_OBJC_IMPLICIT_RETAIN_SELF = YES;
				CLANG_WARN_OBJC_LITERAL_CONVERSION = YES;
				CLANG_WARN_OBJC_ROOT_CLASS = YES_ERROR;
				CLANG_WARN_RANGE_LOOP_ANALYSIS = YES;
				CLANG_WARN_STRICT_PROTOTYPES = YES;
				CLANG_WARN_SUSPICIOUS_MOVE = YES;
				CLANG_WARN_UNGUARDED_AVAILABILITY = YES_AGGRESSIVE;
				CLANG_WARN_UNREACHABLE_CODE = YES;
				CLANG_WARN__DUPLICATE_METHOD_MATCH = YES;
				CODE_SIGN_IDENTITY = "iPhone Developer";
				COPY_PHASE_STRIP = NO;
				DEBUG_INFORMATION_FORMAT = dwarf;
				ENABLE_STRICT_OBJC_MSGSEND = YES;
				ENABLE_TESTABILITY = YES;
				GCC_C_LANGUAGE_STANDARD = gnu11;
				GCC_DYNAMIC_NO_PIC = NO;
				GCC_NO_COMMON_BLOCKS = YES;
				GCC_OPTIMIZATION_LEVEL = 0;
				GCC_PREPROCESSOR_DEFINITIONS = (
					"DEBUG=1",
					"$(inherited)",
				);
				GCC_WARN_64_TO_32_BIT_CONVERSION = YES;
				GCC_WARN_ABOUT_RETURN_TYPE = YES_ERROR;
				GCC_WARN_UNDECLARED_SELECTOR = YES;
				GCC_WARN_UNINITIALIZED_AUTOS = YES_AGGRESSIVE;
				GCC_WARN_UNUSED_FUNCTION = YES;
				GCC_WARN_UNUSED_VARIABLE = YES;
				IPHONEOS_DEPLOYMENT_TARGET = 12.0;
				MTL_ENABLE_DEBUG_INFO = INCLUDE_SOURCE;
				MTL_FAST_MATH = YES;
				ONLY_ACTIVE_ARCH = YES;
				SDKROOT = iphoneos;
				SWIFT_ACTIVE_COMPILATION_CONDITIONS = DEBUG;
				SWIFT_OPTIMIZATION_LEVEL = "-Onone";
			};
			name = Debug;
		};
		0C938D20215402EE007EC41C /* Release */ = {
			isa = XCBuildConfiguration;
			buildSettings = {
				ALWAYS_SEARCH_USER_PATHS = NO;
				CLANG_ANALYZER_NONNULL = YES;
				CLANG_ANALYZER_NUMBER_OBJECT_CONVERSION = YES_AGGRESSIVE;
				CLANG_CXX_LANGUAGE_STANDARD = "gnu++14";
				CLANG_CXX_LIBRARY = "libc++";
				CLANG_ENABLE_MODULES = YES;
				CLANG_ENABLE_OBJC_ARC = YES;
				CLANG_ENABLE_OBJC_WEAK = YES;
				CLANG_WARN_BLOCK_CAPTURE_AUTORELEASING = YES;
				CLANG_WARN_BOOL_CONVERSION = YES;
				CLANG_WARN_COMMA = YES;
				CLANG_WARN_CONSTANT_CONVERSION = YES;
				CLANG_WARN_DEPRECATED_OBJC_IMPLEMENTATIONS = YES;
				CLANG_WARN_DIRECT_OBJC_ISA_USAGE = YES_ERROR;
				CLANG_WARN_DOCUMENTATION_COMMENTS = YES;
				CLANG_WARN_EMPTY_BODY = YES;
				CLANG_WARN_ENUM_CONVERSION = YES;
				CLANG_WARN_INFINITE_RECURSION = YES;
				CLANG_WARN_INT_CONVERSION = YES;
				CLANG_WARN_NON_LITERAL_NULL_CONVERSION = YES;
				CLANG_WARN_OBJC_IMPLICIT_RETAIN_SELF = YES;
				CLANG_WARN_OBJC_LITERAL_CONVERSION = YES;
				CLANG_WARN_OBJC_ROOT_CLASS = YES_ERROR;
				CLANG_WARN_RANGE_LOOP_ANALYSIS = YES;
				CLANG_WARN_STRICT_PROTOTYPES = YES;
				CLANG_WARN_SUSPICIOUS_MOVE = YES;
				CLANG_WARN_UNGUARDED_AVAILABILITY = YES_AGGRESSIVE;
				CLANG_WARN_UNREACHABLE_CODE = YES;
				CLANG_WARN__DUPLICATE_METHOD_MATCH = YES;
				CODE_SIGN_IDENTITY = "iPhone Developer";
				COPY_PHASE_STRIP = NO;
				DEBUG_INFORMATION_FORMAT = "dwarf-with-dsym";
				ENABLE_NS_ASSERTIONS = NO;
				ENABLE_STRICT_OBJC_MSGSEND = YES;
				GCC_C_LANGUAGE_STANDARD = gnu11;
				GCC_NO_COMMON_BLOCKS = YES;
				GCC_WARN_64_TO_32_BIT_CONVERSION = YES;
				GCC_WARN_ABOUT_RETURN_TYPE = YES_ERROR;
				GCC_WARN_UNDECLARED_SELECTOR = YES;
				GCC_WARN_UNINITIALIZED_AUTOS = YES_AGGRESSIVE;
				GCC_WARN_UNUSED_FUNCTION = YES;
				GCC_WARN_UNUSED_VARIABLE = YES;
				IPHONEOS_DEPLOYMENT_TARGET = 12.0;
				MTL_ENABLE_DEBUG_INFO = NO;
				MTL_FAST_MATH = YES;
				SDKROOT = iphoneos;
				SWIFT_COMPILATION_MODE = wholemodule;
				SWIFT_OPTIMIZATION_LEVEL = "-O";
				VALIDATE_PRODUCT = YES;
			};
			name = Release;
		};
		0C938D22215402EE007EC41C /* Debug */ = {
			isa = XCBuildConfiguration;
			baseConfigurationReference = 8F0F0CF4F77B0808078342C1 /* Pods-Chatting.debug.xcconfig */;
			buildSettings = {
				ASSETCATALOG_COMPILER_APPICON_NAME = AppIcon;
				CODE_SIGN_STYLE = Automatic;
				DEVELOPMENT_TEAM = HJ64Y9853R;
				INFOPLIST_FILE = Chatting/Info.plist;
				LD_RUNPATH_SEARCH_PATHS = (
					"$(inherited)",
					"@executable_path/Frameworks",
				);
				PRODUCT_BUNDLE_IDENTIFIER = com.sultani.Chatting;
				PRODUCT_NAME = "$(TARGET_NAME)";
				SWIFT_VERSION = 4.2;
				TARGETED_DEVICE_FAMILY = 1;
			};
			name = Debug;
		};
		0C938D23215402EE007EC41C /* Release */ = {
			isa = XCBuildConfiguration;
			baseConfigurationReference = B7D2CB4C1A02615AC7B3619E /* Pods-Chatting.release.xcconfig */;
			buildSettings = {
				ASSETCATALOG_COMPILER_APPICON_NAME = AppIcon;
				CODE_SIGN_STYLE = Automatic;
				DEVELOPMENT_TEAM = HJ64Y9853R;
				INFOPLIST_FILE = Chatting/Info.plist;
				LD_RUNPATH_SEARCH_PATHS = (
					"$(inherited)",
					"@executable_path/Frameworks",
				);
				PRODUCT_BUNDLE_IDENTIFIER = com.sultani.Chatting;
				PRODUCT_NAME = "$(TARGET_NAME)";
				SWIFT_VERSION = 4.2;
				TARGETED_DEVICE_FAMILY = 1;
			};
			name = Release;
		};
/* End XCBuildConfiguration section */

/* Begin XCConfigurationList section */
		0C938D0A215402ED007EC41C /* Build configuration list for PBXProject "Chatting" */ = {
			isa = XCConfigurationList;
			buildConfigurations = (
				0C938D1F215402EE007EC41C /* Debug */,
				0C938D20215402EE007EC41C /* Release */,
			);
			defaultConfigurationIsVisible = 0;
			defaultConfigurationName = Release;
		};
		0C938D21215402EE007EC41C /* Build configuration list for PBXNativeTarget "Chatting" */ = {
			isa = XCConfigurationList;
			buildConfigurations = (
				0C938D22215402EE007EC41C /* Debug */,
				0C938D23215402EE007EC41C /* Release */,
			);
			defaultConfigurationIsVisible = 0;
			defaultConfigurationName = Release;
		};
/* End XCConfigurationList section */
	};
	rootObject = 0C938D07215402ED007EC41C /* Project object */;
}
